// !$*UTF8*$!
{
	archiveVersion = 1;
	classes = {
	};
	objectVersion = 46;
	objects = {

/* Begin PBXBuildFile section */
		6F14ACCA1C3E31E8007F0B52 /* AppDelegate.swift in Sources */ = {isa = PBXBuildFile; fileRef = 6F14ACC91C3E31E8007F0B52 /* AppDelegate.swift */; };
		6F14ACCC1C3E31E8007F0B52 /* ViewController.swift in Sources */ = {isa = PBXBuildFile; fileRef = 6F14ACCB1C3E31E8007F0B52 /* ViewController.swift */; };
		6F14ACCF1C3E31E8007F0B52 /* Main.storyboard in Resources */ = {isa = PBXBuildFile; fileRef = 6F14ACCD1C3E31E8007F0B52 /* Main.storyboard */; };
		6F14ACD11C3E31E8007F0B52 /* Assets.xcassets in Resources */ = {isa = PBXBuildFile; fileRef = 6F14ACD01C3E31E8007F0B52 /* Assets.xcassets */; };
		6F14ACD41C3E31E8007F0B52 /* LaunchScreen.storyboard in Resources */ = {isa = PBXBuildFile; fileRef = 6F14ACD21C3E31E8007F0B52 /* LaunchScreen.storyboard */; };
		6F14ACDF1C3E31E9007F0B52 /* MemoryGameTests.swift in Sources */ = {isa = PBXBuildFile; fileRef = 6F14ACDE1C3E31E9007F0B52 /* MemoryGameTests.swift */; };
		6F14ACEA1C3E31E9007F0B52 /* MemoryGameUITests.swift in Sources */ = {isa = PBXBuildFile; fileRef = 6F14ACE91C3E31E9007F0B52 /* MemoryGameUITests.swift */; };
/* End PBXBuildFile section */

/* Begin PBXContainerItemProxy section */
		6F14ACDB1C3E31E9007F0B52 /* PBXContainerItemProxy */ = {
			isa = PBXContainerItemProxy;
			containerPortal = 6F14ACBE1C3E31E8007F0B52 /* Project object */;
			proxyType = 1;
			remoteGlobalIDString = 6F14ACC51C3E31E8007F0B52;
			remoteInfo = MemoryGame;
		};
		6F14ACE61C3E31E9007F0B52 /* PBXContainerItemProxy */ = {
			isa = PBXContainerItemProxy;
			containerPortal = 6F14ACBE1C3E31E8007F0B52 /* Project object */;
			proxyType = 1;
			remoteGlobalIDString = 6F14ACC51C3E31E8007F0B52;
			remoteInfo = MemoryGame;
		};
/* End PBXContainerItemProxy section */

/* Begin PBXFileReference section */
		6F14ACC61C3E31E8007F0B52 /* MemoryGame.app */ = {isa = PBXFileReference; explicitFileType = wrapper.application; includeInIndex = 0; path = MemoryGame.app; sourceTree = BUILT_PRODUCTS_DIR; };
		6F14ACC91C3E31E8007F0B52 /* AppDelegate.swift */ = {isa = PBXFileReference; lastKnownFileType = sourcecode.swift; path = AppDelegate.swift; sourceTree = "<group>"; };
		6F14ACCB1C3E31E8007F0B52 /* ViewController.swift */ = {isa = PBXFileReference; lastKnownFileType = sourcecode.swift; path = ViewController.swift; sourceTree = "<group>"; };
		6F14ACCE1C3E31E8007F0B52 /* Base */ = {isa = PBXFileReference; lastKnownFileType = file.storyboard; name = Base; path = Base.lproj/Main.storyboard; sourceTree = "<group>"; };
		6F14ACD01C3E31E8007F0B52 /* Assets.xcassets */ = {isa = PBXFileReference; lastKnownFileType = folder.assetcatalog; path = Assets.xcassets; sourceTree = "<group>"; };
		6F14ACD31C3E31E8007F0B52 /* Base */ = {isa = PBXFileReference; lastKnownFileType = file.storyboard; name = Base; path = Base.lproj/LaunchScreen.storyboard; sourceTree = "<group>"; };
		6F14ACD51C3E31E9007F0B52 /* Info.plist */ = {isa = PBXFileReference; lastKnownFileType = text.plist.xml; path = Info.plist; sourceTree = "<group>"; };
		6F14ACDA1C3E31E9007F0B52 /* MemoryGameTests.xctest */ = {isa = PBXFileReference; explicitFileType = wrapper.cfbundle; includeInIndex = 0; path = MemoryGameTests.xctest; sourceTree = BUILT_PRODUCTS_DIR; };
		6F14ACDE1C3E31E9007F0B52 /* MemoryGameTests.swift */ = {isa = PBXFileReference; lastKnownFileType = sourcecode.swift; path = MemoryGameTests.swift; sourceTree = "<group>"; };
		6F14ACE01C3E31E9007F0B52 /* Info.plist */ = {isa = PBXFileReference; lastKnownFileType = text.plist.xml; path = Info.plist; sourceTree = "<group>"; };
		6F14ACE51C3E31E9007F0B52 /* MemoryGameUITests.xctest */ = {isa = PBXFileReference; explicitFileType = wrapper.cfbundle; includeInIndex = 0; path = MemoryGameUITests.xctest; sourceTree = BUILT_PRODUCTS_DIR; };
		6F14ACE91C3E31E9007F0B52 /* MemoryGameUITests.swift */ = {isa = PBXFileReference; lastKnownFileType = sourcecode.swift; path = MemoryGameUITests.swift; sourceTree = "<group>"; };
		6F14ACEB1C3E31E9007F0B52 /* Info.plist */ = {isa = PBXFileReference; lastKnownFileType = text.plist.xml; path = Info.plist; sourceTree = "<group>"; };
/* End PBXFileReference section */

/* Begin PBXFrameworksBuildPhase section */
		6F14ACC31C3E31E8007F0B52 /* Frameworks */ = {
			isa = PBXFrameworksBuildPhase;
			buildActionMask = 2147483647;
			files = (
			);
			runOnlyForDeploymentPostprocessing = 0;
		};
		6F14ACD71C3E31E9007F0B52 /* Frameworks */ = {
			isa = PBXFrameworksBuildPhase;
			buildActionMask = 2147483647;
			files = (
			);
			runOnlyForDeploymentPostprocessing = 0;
		};
		6F14ACE21C3E31E9007F0B52 /* Frameworks */ = {
			isa = PBXFrameworksBuildPhase;
			buildActionMask = 2147483647;
			files = (
			);
			runOnlyForDeploymentPostprocessing = 0;
		};
/* End PBXFrameworksBuildPhase section */

/* Begin PBXGroup section */
		6F14ACBD1C3E31E8007F0B52 = {
			isa = PBXGroup;
			children = (
				6F14ACC81C3E31E8007F0B52 /* MemoryGame */,
				6F14ACDD1C3E31E9007F0B52 /* MemoryGameTests */,
				6F14ACE81C3E31E9007F0B52 /* MemoryGameUITests */,
				6F14ACC71C3E31E8007F0B52 /* Products */,
			);
			sourceTree = "<group>";
		};
		6F14ACC71C3E31E8007F0B52 /* Products */ = {
			isa = PBXGroup;
			children = (
				6F14ACC61C3E31E8007F0B52 /* MemoryGame.app */,
				6F14ACDA1C3E31E9007F0B52 /* MemoryGameTests.xctest */,
				6F14ACE51C3E31E9007F0B52 /* MemoryGameUITests.xctest */,
			);
			name = Products;
			sourceTree = "<group>";
		};
		6F14ACC81C3E31E8007F0B52 /* MemoryGame */ = {
			isa = PBXGroup;
			children = (
				6F14ACC91C3E31E8007F0B52 /* AppDelegate.swift */,
				6F14ACCB1C3E31E8007F0B52 /* ViewController.swift */,
				6F14ACCD1C3E31E8007F0B52 /* Main.storyboard */,
				6F14ACD01C3E31E8007F0B52 /* Assets.xcassets */,
				6F14ACD21C3E31E8007F0B52 /* LaunchScreen.storyboard */,
				6F14ACD51C3E31E9007F0B52 /* Info.plist */,
			);
			path = MemoryGame;
			sourceTree = "<group>";
		};
		6F14ACDD1C3E31E9007F0B52 /* MemoryGameTests */ = {
			isa = PBXGroup;
			children = (
				6F14ACDE1C3E31E9007F0B52 /* MemoryGameTests.swift */,
				6F14ACE01C3E31E9007F0B52 /* Info.plist */,
			);
			path = MemoryGameTests;
			sourceTree = "<group>";
		};
		6F14ACE81C3E31E9007F0B52 /* MemoryGameUITests */ = {
			isa = PBXGroup;
			children = (
				6F14ACE91C3E31E9007F0B52 /* MemoryGameUITests.swift */,
				6F14ACEB1C3E31E9007F0B52 /* Info.plist */,
			);
			path = MemoryGameUITests;
			sourceTree = "<group>";
		};
/* End PBXGroup section */

/* Begin PBXNativeTarget section */
		6F14ACC51C3E31E8007F0B52 /* MemoryGame */ = {
			isa = PBXNativeTarget;
			buildConfigurationList = 6F14ACEE1C3E31E9007F0B52 /* Build configuration list for PBXNativeTarget "MemoryGame" */;
			buildPhases = (
				6F14ACC21C3E31E8007F0B52 /* Sources */,
				6F14ACC31C3E31E8007F0B52 /* Frameworks */,
				6F14ACC41C3E31E8007F0B52 /* Resources */,
			);
			buildRules = (
			);
			dependencies = (
			);
			name = MemoryGame;
			productName = MemoryGame;
			productReference = 6F14ACC61C3E31E8007F0B52 /* MemoryGame.app */;
			productType = "com.apple.product-type.application";
		};
		6F14ACD91C3E31E9007F0B52 /* MemoryGameTests */ = {
			isa = PBXNativeTarget;
			buildConfigurationList = 6F14ACF11C3E31E9007F0B52 /* Build configuration list for PBXNativeTarget "MemoryGameTests" */;
			buildPhases = (
				6F14ACD61C3E31E9007F0B52 /* Sources */,
				6F14ACD71C3E31E9007F0B52 /* Frameworks */,
				6F14ACD81C3E31E9007F0B52 /* Resources */,
			);
			buildRules = (
			);
			dependencies = (
				6F14ACDC1C3E31E9007F0B52 /* PBXTargetDependency */,
			);
			name = MemoryGameTests;
			productName = MemoryGameTests;
			productReference = 6F14ACDA1C3E31E9007F0B52 /* MemoryGameTests.xctest */;
			productType = "com.apple.product-type.bundle.unit-test";
		};
		6F14ACE41C3E31E9007F0B52 /* MemoryGameUITests */ = {
			isa = PBXNativeTarget;
			buildConfigurationList = 6F14ACF41C3E31E9007F0B52 /* Build configuration list for PBXNativeTarget "MemoryGameUITests" */;
			buildPhases = (
				6F14ACE11C3E31E9007F0B52 /* Sources */,
				6F14ACE21C3E31E9007F0B52 /* Frameworks */,
				6F14ACE31C3E31E9007F0B52 /* Resources */,
			);
			buildRules = (
			);
			dependencies = (
				6F14ACE71C3E31E9007F0B52 /* PBXTargetDependency */,
			);
			name = MemoryGameUITests;
			productName = MemoryGameUITests;
			productReference = 6F14ACE51C3E31E9007F0B52 /* MemoryGameUITests.xctest */;
			productType = "com.apple.product-type.bundle.ui-testing";
		};
/* End PBXNativeTarget section */

/* Begin PBXProject section */
		6F14ACBE1C3E31E8007F0B52 /* Project object */ = {
			isa = PBXProject;
			attributes = {
				LastSwiftUpdateCheck = 0720;
				LastUpgradeCheck = 0720;
				ORGANIZATIONNAME = qingtian;
				TargetAttributes = {
					6F14ACC51C3E31E8007F0B52 = {
						CreatedOnToolsVersion = 7.2;
					};
					6F14ACD91C3E31E9007F0B52 = {
						CreatedOnToolsVersion = 7.2;
						TestTargetID = 6F14ACC51C3E31E8007F0B52;
					};
					6F14ACE41C3E31E9007F0B52 = {
						CreatedOnToolsVersion = 7.2;
						TestTargetID = 6F14ACC51C3E31E8007F0B52;
					};
				};
			};
			buildConfigurationList = 6F14ACC11C3E31E8007F0B52 /* Build configuration list for PBXProject "MemoryGame" */;
			compatibilityVersion = "Xcode 3.2";
			developmentRegion = English;
			hasScannedForEncodings = 0;
			knownRegions = (
				en,
				Base,
			);
			mainGroup = 6F14ACBD1C3E31E8007F0B52;
			productRefGroup = 6F14ACC71C3E31E8007F0B52 /* Products */;
			projectDirPath = "";
			projectRoot = "";
			targets = (
				6F14ACC51C3E31E8007F0B52 /* MemoryGame */,
				6F14ACD91C3E31E9007F0B52 /* MemoryGameTests */,
				6F14ACE41C3E31E9007F0B52 /* MemoryGameUITests */,
			);
		};
/* End PBXProject section */

/* Begin PBXResourcesBuildPhase section */
		6F14ACC41C3E31E8007F0B52 /* Resources */ = {
			isa = PBXResourcesBuildPhase;
			buildActionMask = 2147483647;
			files = (
				6F14ACD41C3E31E8007F0B52 /* LaunchScreen.storyboard in Resources */,
				6F14ACD11C3E31E8007F0B52 /* Assets.xcassets in Resources */,
				6F14ACCF1C3E31E8007F0B52 /* Main.storyboard in Resources */,
			);
			runOnlyForDeploymentPostprocessing = 0;
		};
		6F14ACD81C3E31E9007F0B52 /* Resources */ = {
			isa = PBXResourcesBuildPhase;
			buildActionMask = 2147483647;
			files = (
			);
			runOnlyForDeploymentPostprocessing = 0;
		};
		6F14ACE31C3E31E9007F0B52 /* Resources */ = {
			isa = PBXResourcesBuildPhase;
			buildActionMask = 2147483647;
			files = (
			);
			runOnlyForDeploymentPostprocessing = 0;
		};
/* End PBXResourcesBuildPhase section */

/* Begin PBXSourcesBuildPhase section */
		6F14ACC21C3E31E8007F0B52 /* Sources */ = {
			isa = PBXSourcesBuildPhase;
			buildActionMask = 2147483647;
			files = (
				6F14ACCC1C3E31E8007F0B52 /* ViewController.swift in Sources */,
				6F14ACCA1C3E31E8007F0B52 /* AppDelegate.swift in Sources */,
			);
			runOnlyForDeploymentPostprocessing = 0;
		};
		6F14ACD61C3E31E9007F0B52 /* Sources */ = {
			isa = PBXSourcesBuildPhase;
			buildActionMask = 2147483647;
			files = (
				6F14ACDF1C3E31E9007F0B52 /* MemoryGameTests.swift in Sources */,
			);
			runOnlyForDeploymentPostprocessing = 0;
		};
		6F14ACE11C3E31E9007F0B52 /* Sources */ = {
			isa = PBXSourcesBuildPhase;
			buildActionMask = 2147483647;
			files = (
				6F14ACEA1C3E31E9007F0B52 /* MemoryGameUITests.swift in Sources */,
			);
			runOnlyForDeploymentPostprocessing = 0;
		};
/* End PBXSourcesBuildPhase section */

/* Begin PBXTargetDependency section */
		6F14ACDC1C3E31E9007F0B52 /* PBXTargetDependency */ = {
			isa = PBXTargetDependency;
			target = 6F14ACC51C3E31E8007F0B52 /* MemoryGame */;
			targetProxy = 6F14ACDB1C3E31E9007F0B52 /* PBXContainerItemProxy */;
		};
		6F14ACE71C3E31E9007F0B52 /* PBXTargetDependency */ = {
			isa = PBXTargetDependency;
			target = 6F14ACC51C3E31E8007F0B52 /* MemoryGame */;
			targetProxy = 6F14ACE61C3E31E9007F0B52 /* PBXContainerItemProxy */;
		};
/* End PBXTargetDependency section */

/* Begin PBXVariantGroup section */
		6F14ACCD1C3E31E8007F0B52 /* Main.storyboard */ = {
			isa = PBXVariantGroup;
			children = (
				6F14ACCE1C3E31E8007F0B52 /* Base */,
			);
			name = Main.storyboard;
			sourceTree = "<group>";
		};
		6F14ACD21C3E31E8007F0B52 /* LaunchScreen.storyboard */ = {
			isa = PBXVariantGroup;
			children = (
				6F14ACD31C3E31E8007F0B52 /* Base */,
			);
			name = LaunchScreen.storyboard;
			sourceTree = "<group>";
		};
/* End PBXVariantGroup section */

/* Begin XCBuildConfiguration section */
		6F14ACEC1C3E31E9007F0B52 /* Debug */ = {
			isa = XCBuildConfiguration;
			buildSettings = {
				ALWAYS_SEARCH_USER_PATHS = NO;
				CLANG_CXX_LANGUAGE_STANDARD = "gnu++0x";
				CLANG_CXX_LIBRARY = "libc++";
				CLANG_ENABLE_MODULES = YES;
				CLANG_ENABLE_OBJC_ARC = YES;
				CLANG_WARN_BOOL_CONVERSION = YES;
				CLANG_WARN_CONSTANT_CONVERSION = YES;
				CLANG_WARN_DIRECT_OBJC_ISA_USAGE = YES_ERROR;
				CLANG_WARN_EMPTY_BODY = YES;
				CLANG_WARN_ENUM_CONVERSION = YES;
				CLANG_WARN_INT_CONVERSION = YES;
				CLANG_WARN_OBJC_ROOT_CLASS = YES_ERROR;
				CLANG_WARN_UNREACHABLE_CODE = YES;
				CLANG_WARN__DUPLICATE_METHOD_MATCH = YES;
				"CODE_SIGN_IDENTITY[sdk=iphoneos*]" = "iPhone Developer";
				COPY_PHASE_STRIP = NO;
				DEBUG_INFORMATION_FORMAT = dwarf;
				ENABLE_STRICT_OBJC_MSGSEND = YES;
				ENABLE_TESTABILITY = YES;
				GCC_C_LANGUAGE_STANDARD = gnu99;
				GCC_DYNAMIC_NO_PIC = NO;
				GCC_NO_COMMON_BLOCKS = YES;
				GCC_OPTIMIZATION_LEVEL = 0;
				GCC_PREPROCESSOR_DEFINITIONS = (
					"DEBUG=1",
					"$(inherited)",
				);
				GCC_WARN_64_TO_32_BIT_CONVERSION = YES;
				GCC_WARN_ABOUT_RETURN_TYPE = YES_ERROR;
				GCC_WARN_UNDECLARED_SELECTOR = YES;
				GCC_WARN_UNINITIALIZED_AUTOS = YES_AGGRESSIVE;
				GCC_WARN_UNUSED_FUNCTION = YES;
				GCC_WARN_UNUSED_VARIABLE = YES;
				IPHONEOS_DEPLOYMENT_TARGET = 9.2;
				MTL_ENABLE_DEBUG_INFO = YES;
				ONLY_ACTIVE_ARCH = YES;
				SDKROOT = iphoneos;
				SWIFT_OPTIMIZATION_LEVEL = "-Onone";
			};
			name = Debug;
		};
		6F14ACED1C3E31E9007F0B52 /* Release */ = {
			isa = XCBuildConfiguration;
			buildSettings = {
				ALWAYS_SEARCH_USER_PATHS = NO;
				CLANG_CXX_LANGUAGE_STANDARD = "gnu++0x";
				CLANG_CXX_LIBRARY = "libc++";
				CLANG_ENABLE_MODULES = YES;
				CLANG_ENABLE_OBJC_ARC = YES;
				CLANG_WARN_BOOL_CONVERSION = YES;
				CLANG_WARN_CONSTANT_CONVERSION = YES;
				CLANG_WARN_DIRECT_OBJC_ISA_USAGE = YES_ERROR;
				CLANG_WARN_EMPTY_BODY = YES;
				CLANG_WARN_ENUM_CONVERSION = YES;
				CLANG_WARN_INT_CONVERSION = YES;
				CLANG_WARN_OBJC_ROOT_CLASS = YES_ERROR;
				CLANG_WARN_UNREACHABLE_CODE = YES;
				CLANG_WARN__DUPLICATE_METHOD_MATCH = YES;
				"CODE_SIGN_IDENTITY[sdk=iphoneos*]" = "iPhone Developer";
				COPY_PHASE_STRIP = NO;
				DEBUG_INFORMATION_FORMAT = "dwarf-with-dsym";
				ENABLE_NS_ASSERTIONS = NO;
				ENABLE_STRICT_OBJC_MSGSEND = YES;
				GCC_C_LANGUAGE_STANDARD = gnu99;
				GCC_NO_COMMON_BLOCKS = YES;
				GCC_WARN_64_TO_32_BIT_CONVERSION = YES;
				GCC_WARN_ABOUT_RETURN_TYPE = YES_ERROR;
				GCC_WARN_UNDECLARED_SELECTOR = YES;
				GCC_WARN_UNINITIALIZED_AUTOS = YES_AGGRESSIVE;
				GCC_WARN_UNUSED_FUNCTION = YES;
				GCC_WARN_UNUSED_VARIABLE = YES;
				IPHONEOS_DEPLOYMENT_TARGET = 9.2;
				MTL_ENABLE_DEBUG_INFO = NO;
				SDKROOT = iphoneos;
				VALIDATE_PRODUCT = YES;
			};
			name = Release;
		};
		6F14ACEF1C3E31E9007F0B52 /* Debug */ = {
			isa = XCBuildConfiguration;
			buildSettings = {
				ASSETCATALOG_COMPILER_APPICON_NAME = AppIcon;
				INFOPLIST_FILE = MemoryGame/Info.plist;
				LD_RUNPATH_SEARCH_PATHS = "$(inherited) @executable_path/Frameworks";
				PRODUCT_BUNDLE_IDENTIFIER = com.qingtian.MemoryGame;
				PRODUCT_NAME = "$(TARGET_NAME)";
			};
			name = Debug;
		};
		6F14ACF01C3E31E9007F0B52 /* Release */ = {
			isa = XCBuildConfiguration;
			buildSettings = {
				ASSETCATALOG_COMPILER_APPICON_NAME = AppIcon;
				INFOPLIST_FILE = MemoryGame/Info.plist;
				LD_RUNPATH_SEARCH_PATHS = "$(inherited) @executable_path/Frameworks";
				PRODUCT_BUNDLE_IDENTIFIER = com.qingtian.MemoryGame;
				PRODUCT_NAME = "$(TARGET_NAME)";
			};
			name = Release;
		};
		6F14ACF21C3E31E9007F0B52 /* Debug */ = {
			isa = XCBuildConfiguration;
			buildSettings = {
				BUNDLE_LOADER = "$(TEST_HOST)";
				INFOPLIST_FILE = MemoryGameTests/Info.plist;
				LD_RUNPATH_SEARCH_PATHS = "$(inherited) @executable_path/Frameworks @loader_path/Frameworks";
				PRODUCT_BUNDLE_IDENTIFIER = com.qingtian.MemoryGameTests;
				PRODUCT_NAME = "$(TARGET_NAME)";
				TEST_HOST = "$(BUILT_PRODUCTS_DIR)/MemoryGame.app/MemoryGame";
			};
			name = Debug;
		};
		6F14ACF31C3E31E9007F0B52 /* Release */ = {
			isa = XCBuildConfiguration;
			buildSettings = {
				BUNDLE_LOADER = "$(TEST_HOST)";
				INFOPLIST_FILE = MemoryGameTests/Info.plist;
				LD_RUNPATH_SEARCH_PATHS = "$(inherited) @executable_path/Frameworks @loader_path/Frameworks";
				PRODUCT_BUNDLE_IDENTIFIER = com.qingtian.MemoryGameTests;
				PRODUCT_NAME = "$(TARGET_NAME)";
				TEST_HOST = "$(BUILT_PRODUCTS_DIR)/MemoryGame.app/MemoryGame";
			};
			name = Release;
		};
		6F14ACF51C3E31E9007F0B52 /* Debug */ = {
			isa = XCBuildConfiguration;
			buildSettings = {
				INFOPLIST_FILE = MemoryGameUITests/Info.plist;
				LD_RUNPATH_SEARCH_PATHS = "$(inherited) @executable_path/Frameworks @loader_path/Frameworks";
				PRODUCT_BUNDLE_IDENTIFIER = com.qingtian.MemoryGameUITests;
				PRODUCT_NAME = "$(TARGET_NAME)";
				TEST_TARGET_NAME = MemoryGame;
				USES_XCTRUNNER = YES;
			};
			name = Debug;
		};
		6F14ACF61C3E31E9007F0B52 /* Release */ = {
			isa = XCBuildConfiguration;
			buildSettings = {
				INFOPLIST_FILE = MemoryGameUITests/Info.plist;
				LD_RUNPATH_SEARCH_PATHS = "$(inherited) @executable_path/Frameworks @loader_path/Frameworks";
				PRODUCT_BUNDLE_IDENTIFIER = com.qingtian.MemoryGameUITests;
				PRODUCT_NAME = "$(TARGET_NAME)";
				TEST_TARGET_NAME = MemoryGame;
				USES_XCTRUNNER = YES;
			};
			name = Release;
		};
/* End XCBuildConfiguration section */

/* Begin XCConfigurationList section */
		6F14ACC11C3E31E8007F0B52 /* Build configuration list for PBXProject "MemoryGame" */ = {
			isa = XCConfigurationList;
			buildConfigurations = (
				6F14ACEC1C3E31E9007F0B52 /* Debug */,
				6F14ACED1C3E31E9007F0B52 /* Release */,
			);
			defaultConfigurationIsVisible = 0;
			defaultConfigurationName = Release;
		};
		6F14ACEE1C3E31E9007F0B52 /* Build configuration list for PBXNativeTarget "MemoryGame" */ = {
			isa = XCConfigurationList;
			buildConfigurations = (
				6F14ACEF1C3E31E9007F0B52 /* Debug */,
				6F14ACF01C3E31E9007F0B52 /* Release */,
			);
			defaultConfigurationIsVisible = 0;
		};
		6F14ACF11C3E31E9007F0B52 /* Build configuration list for PBXNativeTarget "MemoryGameTests" */ = {
			isa = XCConfigurationList;
			buildConfigurations = (
				6F14ACF21C3E31E9007F0B52 /* Debug */,
				6F14ACF31C3E31E9007F0B52 /* Release */,
			);
			defaultConfigurationIsVisible = 0;
		};
		6F14ACF41C3E31E9007F0B52 /* Build configuration list for PBXNativeTarget "MemoryGameUITests" */ = {
			isa = XCConfigurationList;
			buildConfigurations = (
				6F14ACF51C3E31E9007F0B52 /* Debug */,
				6F14ACF61C3E31E9007F0B52 /* Release */,
			);
			defaultConfigurationIsVisible = 0;
		};
/* End XCConfigurationList section */
	};
	rootObject = 6F14ACBE1C3E31E8007F0B52 /* Project object */;
}
